
Microsoft Visual Studio Solution File, Format Version 12.00
# Visual Studio 2010
Project("{FAE04EC0-301F-11D3-BF4B-00C04F79EFBC}") = "Dlabs.OAMLib", "OAMLib\OAMLib\OAMLib\Dlabs.OAMLib.csproj", "{B18B7040-5D86-401D-BCCB-12101CD18307}"
EndProject
Project("{FAE04EC0-301F-11D3-BF4B-00C04F79EFBC}") = "OAMWebService", "OAMWebService\OAMWebService.csproj", "{2F7D9EDD-3445-43DB-AE81-ADF2C368454D}"
EndProject
Global
	GlobalSection(SolutionConfigurationPlatforms) = preSolution
		Debug|Any CPU = Debug|Any CPU
		Release|Any CPU = Release|Any CPU
	EndGlobalSection
	GlobalSection(ProjectConfigurationPlatforms) = postSolution
		{B18B7040-5D86-401D-BCCB-12101CD18307}.Debug|Any CPU.ActiveCfg = Debug|Any CPU
		{B18B7040-5D86-401D-BCCB-12101CD18307}.Debug|Any CPU.Build.0 = Debug|Any CPU
		{B18B7040-5D86-401D-BCCB-12101CD18307}.Release|Any CPU.ActiveCfg = Release|Any CPU
		{B18B7040-5D86-401D-BCCB-12101CD18307}.Release|Any CPU.Build.0 = Release|Any CPU
		{2F7D9EDD-3445-43DB-AE81-ADF2C368454D}.Debug|Any CPU.ActiveCfg = Debug|Any CPU
		{2F7D9EDD-3445-43DB-AE81-ADF2C368454D}.Debug|Any CPU.Build.0 = Debug|Any CPU
		{2F7D9EDD-3445-43DB-AE81-ADF2C368454D}.Release|Any CPU.ActiveCfg = Release|Any CPU
		{2F7D9EDD-3445-43DB-AE81-ADF2C368454D}.Release|Any CPU.Build.0 = Release|Any CPU
	EndGlobalSection
	GlobalSection(SolutionProperties) = preSolution
		HideSolutionNode = FALSE
	EndGlobalSection
EndGlobal
